
Microsoft Visual Studio Solution File, Format Version 12.00
# Visual Studio 15
VisualStudioVersion = 15.0.27428.2002
MinimumVisualStudioVersion = 10.0.40219.1
Project("{FAE04EC0-301F-11D3-BF4B-00C04F79EFBC}") = "TetrisWPF", "TetrisWPF\TetrisWPF.csproj", "{F00D2C47-3555-4859-B397-94821A2D8E63}"
EndProject
Global
	GlobalSection(SolutionConfigurationPlatforms) = preSolution
		Debug|Any CPU = Debug|Any CPU
		Release|Any CPU = Release|Any CPU
	EndGlobalSection
	GlobalSection(ProjectConfigurationPlatforms) = postSolution
		{F00D2C47-3555-4859-B397-94821A2D8E63}.Debug|Any CPU.ActiveCfg = Debug|Any CPU
		{F00D2C47-3555-4859-B397-94821A2D8E63}.Debug|Any CPU.Build.0 = Debug|Any CPU
		{F00D2C47-3555-4859-B397-94821A2D8E63}.Release|Any CPU.ActiveCfg = Release|Any CPU
		{F00D2C47-3555-4859-B397-94821A2D8E63}.Release|Any CPU.Build.0 = Release|Any CPU
	EndGlobalSection
	GlobalSection(SolutionProperties) = preSolution
		HideSolutionNode = FALSE
	EndGlobalSection
	GlobalSection(ExtensibilityGlobals) = postSolution
		SolutionGuid = {E2126660-BEE5-4DA8-B90E-EBC211078297}
	EndGlobalSection
EndGlobal
